
Microsoft Visual Studio Solution File, Format Version 12.00
# Visual Studio Version 16
VisualStudioVersion = 16.0.30621.155
MinimumVisualStudioVersion = 10.0.40219.1
Project("{9A19103F-16F7-4668-BE54-9A1E7A4F7556}") = "AzureBlobUploader.Infrastructure", "src\AzureBlobUploader.Infrastructure\AzureBlobUploader.Infrastructure.csproj", "{BE2E9B89-1C03-40B6-89F3-E5433D24DC85}"
EndProject
Project("{FAE04EC0-301F-11D3-BF4B-00C04F79EFBC}") = "AzureBlobUploader.Domain", "src\AzureBlobUploader.Domain\AzureBlobUploader.Domain.csproj", "{4376BC55-BCD2-4C28-B507-964A416F9623}"
EndProject
Project("{9A19103F-16F7-4668-BE54-9A1E7A4F7556}") = "AzureBlobUploader.Application", "src\AzureBlobUploader.Application\AzureBlobUploader.Application.csproj", "{5C0A4DD3-FCD2-43FB-A6BD-EF4DBE37AE17}"
EndProject
Project("{9A19103F-16F7-4668-BE54-9A1E7A4F7556}") = "AzureBlobUploader.BlazorSignalR", "src\AzureBlobUploader.BlazorSignalR\AzureBlobUploader.BlazorSignalR.csproj", "{5ED11FD9-E793-497B-B810-C3031E2BCE9C}"
EndProject
Global
	GlobalSection(SolutionConfigurationPlatforms) = preSolution
		Debug|Any CPU = Debug|Any CPU
		Release|Any CPU = Release|Any CPU
	EndGlobalSection
	GlobalSection(ProjectConfigurationPlatforms) = postSolution
		{BE2E9B89-1C03-40B6-89F3-E5433D24DC85}.Debug|Any CPU.ActiveCfg = Debug|Any CPU
		{BE2E9B89-1C03-40B6-89F3-E5433D24DC85}.Debug|Any CPU.Build.0 = Debug|Any CPU
		{BE2E9B89-1C03-40B6-89F3-E5433D24DC85}.Release|Any CPU.ActiveCfg = Release|Any CPU
		{BE2E9B89-1C03-40B6-89F3-E5433D24DC85}.Release|Any CPU.Build.0 = Release|Any CPU
		{4376BC55-BCD2-4C28-B507-964A416F9623}.Debug|Any CPU.ActiveCfg = Debug|Any CPU
		{4376BC55-BCD2-4C28-B507-964A416F9623}.Debug|Any CPU.Build.0 = Debug|Any CPU
		{4376BC55-BCD2-4C28-B507-964A416F9623}.Release|Any CPU.ActiveCfg = Release|Any CPU
		{4376BC55-BCD2-4C28-B507-964A416F9623}.Release|Any CPU.Build.0 = Release|Any CPU
		{5C0A4DD3-FCD2-43FB-A6BD-EF4DBE37AE17}.Debug|Any CPU.ActiveCfg = Debug|Any CPU
		{5C0A4DD3-FCD2-43FB-A6BD-EF4DBE37AE17}.Debug|Any CPU.Build.0 = Debug|Any CPU
		{5C0A4DD3-FCD2-43FB-A6BD-EF4DBE37AE17}.Release|Any CPU.ActiveCfg = Release|Any CPU
		{5C0A4DD3-FCD2-43FB-A6BD-EF4DBE37AE17}.Release|Any CPU.Build.0 = Release|Any CPU
		{5ED11FD9-E793-497B-B810-C3031E2BCE9C}.Debug|Any CPU.ActiveCfg = Debug|Any CPU
		{5ED11FD9-E793-497B-B810-C3031E2BCE9C}.Debug|Any CPU.Build.0 = Debug|Any CPU
		{5ED11FD9-E793-497B-B810-C3031E2BCE9C}.Release|Any CPU.ActiveCfg = Release|Any CPU
		{5ED11FD9-E793-497B-B810-C3031E2BCE9C}.Release|Any CPU.Build.0 = Release|Any CPU
	EndGlobalSection
	GlobalSection(SolutionProperties) = preSolution
		HideSolutionNode = FALSE
	EndGlobalSection
	GlobalSection(ExtensibilityGlobals) = postSolution
		SolutionGuid = {02BB1772-F691-4637-BAC5-51FDB4B56838}
	EndGlobalSection
EndGlobal
